
Microsoft Visual Studio Solution File, Format Version 12.00
# Visual Studio Version 16
VisualStudioVersion = 16.0.29509.3
MinimumVisualStudioVersion = 10.0.40219.1
Project("{FAE04EC0-301F-11D3-BF4B-00C04F79EFBC}") = "PodatnicyVATtests", "PodatnicyVATtests\PodatnicyVATtests.csproj", "{60F95DAE-6332-41A2-BF63-66313E857D07}"
EndProject
Global
	GlobalSection(SolutionConfigurationPlatforms) = preSolution
		Debug|Any CPU = Debug|Any CPU
		Release|Any CPU = Release|Any CPU
	EndGlobalSection
	GlobalSection(ProjectConfigurationPlatforms) = postSolution
		{60F95DAE-6332-41A2-BF63-66313E857D07}.Debug|Any CPU.ActiveCfg = Debug|Any CPU
		{60F95DAE-6332-41A2-BF63-66313E857D07}.Debug|Any CPU.Build.0 = Debug|Any CPU
		{60F95DAE-6332-41A2-BF63-66313E857D07}.Release|Any CPU.ActiveCfg = Release|Any CPU
		{60F95DAE-6332-41A2-BF63-66313E857D07}.Release|Any CPU.Build.0 = Release|Any CPU
	EndGlobalSection
	GlobalSection(SolutionProperties) = preSolution
		HideSolutionNode = FALSE
	EndGlobalSection
	GlobalSection(ExtensibilityGlobals) = postSolution
		SolutionGuid = {8AB819C2-D066-49DC-AFA6-4208694DC2AC}
	EndGlobalSection
EndGlobal
